// !$*UTF8*$!
{
	archiveVersion = 1;
	classes = {
	};
	objectVersion = 46;
	objects = {

/* Begin PBXBuildFile section */
		1418D01F1B580FDE00F2386C /* Default-568h@2x.png in Resources */ = {isa = PBXBuildFile; fileRef = 1418D01E1B580FDE00F2386C /* Default-568h@2x.png */; };
		143059841B571207004C89DB /* addEventViewController.swift in Sources */ = {isa = PBXBuildFile; fileRef = 143059781B571207004C89DB /* addEventViewController.swift */; };
		143059851B571207004C89DB /* AppDelegate.swift in Sources */ = {isa = PBXBuildFile; fileRef = 143059791B571207004C89DB /* AppDelegate.swift */; };
		143059861B571207004C89DB /* BlogViewController.swift in Sources */ = {isa = PBXBuildFile; fileRef = 1430597A1B571207004C89DB /* BlogViewController.swift */; };
		143059871B571207004C89DB /* ConversationListViewController.swift in Sources */ = {isa = PBXBuildFile; fileRef = 1430597B1B571207004C89DB /* ConversationListViewController.swift */; };
		143059881B571207004C89DB /* ConversationViewController.swift in Sources */ = {isa = PBXBuildFile; fileRef = 1430597C1B571207004C89DB /* ConversationViewController.swift */; };
		143059891B571207004C89DB /* LayerClient.swift in Sources */ = {isa = PBXBuildFile; fileRef = 1430597D1B571207004C89DB /* LayerClient.swift */; };
		1430598A1B571207004C89DB /* MainViewController.swift in Sources */ = {isa = PBXBuildFile; fileRef = 1430597E1B571207004C89DB /* MainViewController.swift */; };
		1430598B1B571207004C89DB /* ParticipantTableViewController.swift in Sources */ = {isa = PBXBuildFile; fileRef = 1430597F1B571207004C89DB /* ParticipantTableViewController.swift */; };
		1430598C1B571207004C89DB /* PFUser+ATLParticipant.swift in Sources */ = {isa = PBXBuildFile; fileRef = 143059801B571207004C89DB /* PFUser+ATLParticipant.swift */; };
		1430598D1B571207004C89DB /* profileViewController.swift in Sources */ = {isa = PBXBuildFile; fileRef = 143059811B571207004C89DB /* profileViewController.swift */; };
		1430598E1B571207004C89DB /* UserManager.swift in Sources */ = {isa = PBXBuildFile; fileRef = 143059821B571207004C89DB /* UserManager.swift */; };
		1430598F1B571207004C89DB /* ViewController.swift in Sources */ = {isa = PBXBuildFile; fileRef = 143059831B571207004C89DB /* ViewController.swift */; };
		144DEE331B59A252007A5636 /* ParseLoginHelper.swift in Sources */ = {isa = PBXBuildFile; fileRef = 144DEE321B59A252007A5636 /* ParseLoginHelper.swift */; };
		1487FD571B4F392C004E1874 /* Main.storyboard in Resources */ = {isa = PBXBuildFile; fileRef = 1487FD551B4F392C004E1874 /* Main.storyboard */; };
		1487FD591B4F392C004E1874 /* Images.xcassets in Resources */ = {isa = PBXBuildFile; fileRef = 1487FD581B4F392C004E1874 /* Images.xcassets */; };
		1487FD5C1B4F392C004E1874 /* LaunchScreen.xib in Resources */ = {isa = PBXBuildFile; fileRef = 1487FD5A1B4F392C004E1874 /* LaunchScreen.xib */; };
		1487FD681B4F392C004E1874 /* Cell_TapTests.swift in Sources */ = {isa = PBXBuildFile; fileRef = 1487FD671B4F392C004E1874 /* Cell_TapTests.swift */; };
		B9CF007CEBF58D34270E3BEF /* libPods-Cell Tap.a in Frameworks */ = {isa = PBXBuildFile; fileRef = 90FC693D14F0AAB65629D396 /* libPods-Cell Tap.a */; };
/* End PBXBuildFile section */

/* Begin PBXContainerItemProxy section */
		1487FD621B4F392C004E1874 /* PBXContainerItemProxy */ = {
			isa = PBXContainerItemProxy;
			containerPortal = 1487FD441B4F392C004E1874 /* Project object */;
			proxyType = 1;
			remoteGlobalIDString = 1487FD4B1B4F392C004E1874;
			remoteInfo = "Cell Tap";
		};
/* End PBXContainerItemProxy section */

/* Begin PBXFileReference section */
		1418D01E1B580FDE00F2386C /* Default-568h@2x.png */ = {isa = PBXFileReference; lastKnownFileType = image.png; path = "Default-568h@2x.png"; sourceTree = "<group>"; };
		143059781B571207004C89DB /* addEventViewController.swift */ = {isa = PBXFileReference; fileEncoding = 4; lastKnownFileType = sourcecode.swift; path = addEventViewController.swift; sourceTree = "<group>"; };
		143059791B571207004C89DB /* AppDelegate.swift */ = {isa = PBXFileReference; fileEncoding = 4; lastKnownFileType = sourcecode.swift; path = AppDelegate.swift; sourceTree = "<group>"; };
		1430597A1B571207004C89DB /* BlogViewController.swift */ = {isa = PBXFileReference; fileEncoding = 4; lastKnownFileType = sourcecode.swift; path = BlogViewController.swift; sourceTree = "<group>"; };
		1430597B1B571207004C89DB /* ConversationListViewController.swift */ = {isa = PBXFileReference; fileEncoding = 4; lastKnownFileType = sourcecode.swift; path = ConversationListViewController.swift; sourceTree = "<group>"; };
		1430597C1B571207004C89DB /* ConversationViewController.swift */ = {isa = PBXFileReference; fileEncoding = 4; lastKnownFileType = sourcecode.swift; path = ConversationViewController.swift; sourceTree = "<group>"; };
		1430597D1B571207004C89DB /* LayerClient.swift */ = {isa = PBXFileReference; fileEncoding = 4; lastKnownFileType = sourcecode.swift; path = LayerClient.swift; sourceTree = "<group>"; };
		1430597E1B571207004C89DB /* MainViewController.swift */ = {isa = PBXFileReference; fileEncoding = 4; lastKnownFileType = sourcecode.swift; path = MainViewController.swift; sourceTree = "<group>"; };
		1430597F1B571207004C89DB /* ParticipantTableViewController.swift */ = {isa = PBXFileReference; fileEncoding = 4; lastKnownFileType = sourcecode.swift; path = ParticipantTableViewController.swift; sourceTree = "<group>"; };
		143059801B571207004C89DB /* PFUser+ATLParticipant.swift */ = {isa = PBXFileReference; fileEncoding = 4; lastKnownFileType = sourcecode.swift; path = "PFUser+ATLParticipant.swift"; sourceTree = "<group>"; };
		143059811B571207004C89DB /* profileViewController.swift */ = {isa = PBXFileReference; fileEncoding = 4; lastKnownFileType = sourcecode.swift; path = profileViewController.swift; sourceTree = "<group>"; };
		143059821B571207004C89DB /* UserManager.swift */ = {isa = PBXFileReference; fileEncoding = 4; lastKnownFileType = sourcecode.swift; path = UserManager.swift; sourceTree = "<group>"; };
		143059831B571207004C89DB /* ViewController.swift */ = {isa = PBXFileReference; fileEncoding = 4; lastKnownFileType = sourcecode.swift; path = ViewController.swift; sourceTree = "<group>"; };
		144DEE321B59A252007A5636 /* ParseLoginHelper.swift */ = {isa = PBXFileReference; fileEncoding = 4; lastKnownFileType = sourcecode.swift; name = ParseLoginHelper.swift; path = "../../Makestagram-Swift-Solution-StarterProject/Makestagram/Helpers/ParseLoginHelper.swift"; sourceTree = "<group>"; };
		1487FD4C1B4F392C004E1874 /* Cell Tap.app */ = {isa = PBXFileReference; explicitFileType = wrapper.application; includeInIndex = 0; path = "Cell Tap.app"; sourceTree = BUILT_PRODUCTS_DIR; };
		1487FD501B4F392C004E1874 /* Info.plist */ = {isa = PBXFileReference; lastKnownFileType = text.plist.xml; path = Info.plist; sourceTree = "<group>"; };
		1487FD561B4F392C004E1874 /* Base */ = {isa = PBXFileReference; lastKnownFileType = file.storyboard; name = Base; path = Base.lproj/Main.storyboard; sourceTree = "<group>"; };
		1487FD581B4F392C004E1874 /* Images.xcassets */ = {isa = PBXFileReference; lastKnownFileType = folder.assetcatalog; path = Images.xcassets; sourceTree = "<group>"; };
		1487FD5B1B4F392C004E1874 /* Base */ = {isa = PBXFileReference; lastKnownFileType = file.xib; name = Base; path = Base.lproj/LaunchScreen.xib; sourceTree = "<group>"; };
		1487FD611B4F392C004E1874 /* Cell TapTests.xctest */ = {isa = PBXFileReference; explicitFileType = wrapper.cfbundle; includeInIndex = 0; path = "Cell TapTests.xctest"; sourceTree = BUILT_PRODUCTS_DIR; };
		1487FD661B4F392C004E1874 /* Info.plist */ = {isa = PBXFileReference; lastKnownFileType = text.plist.xml; path = Info.plist; sourceTree = "<group>"; };
		1487FD671B4F392C004E1874 /* Cell_TapTests.swift */ = {isa = PBXFileReference; lastKnownFileType = sourcecode.swift; path = Cell_TapTests.swift; sourceTree = "<group>"; };
		14A9BA8F1B570F65005CA84B /* Cell Tap-Bridging-Header.h */ = {isa = PBXFileReference; lastKnownFileType = sourcecode.c.h; path = "Cell Tap-Bridging-Header.h"; sourceTree = "<group>"; };
		6CCFFCAF58389C1C125E6FD1 /* Pods-Cell Tap.debug.xcconfig */ = {isa = PBXFileReference; includeInIndex = 1; lastKnownFileType = text.xcconfig; name = "Pods-Cell Tap.debug.xcconfig"; path = "Pods/Target Support Files/Pods-Cell Tap/Pods-Cell Tap.debug.xcconfig"; sourceTree = "<group>"; };
		8D2E7E30A1313C6011D5D3CC /* Pods-Cell Tap.release.xcconfig */ = {isa = PBXFileReference; includeInIndex = 1; lastKnownFileType = text.xcconfig; name = "Pods-Cell Tap.release.xcconfig"; path = "Pods/Target Support Files/Pods-Cell Tap/Pods-Cell Tap.release.xcconfig"; sourceTree = "<group>"; };
		90FC693D14F0AAB65629D396 /* libPods-Cell Tap.a */ = {isa = PBXFileReference; explicitFileType = archive.ar; includeInIndex = 0; path = "libPods-Cell Tap.a"; sourceTree = BUILT_PRODUCTS_DIR; };
/* End PBXFileReference section */

/* Begin PBXFrameworksBuildPhase section */
		1487FD491B4F392C004E1874 /* Frameworks */ = {
			isa = PBXFrameworksBuildPhase;
			buildActionMask = 2147483647;
			files = (
				B9CF007CEBF58D34270E3BEF /* libPods-Cell Tap.a in Frameworks */,
			);
			runOnlyForDeploymentPostprocessing = 0;
		};
		1487FD5E1B4F392C004E1874 /* Frameworks */ = {
			isa = PBXFrameworksBuildPhase;
			buildActionMask = 2147483647;
			files = (
			);
			runOnlyForDeploymentPostprocessing = 0;
		};
/* End PBXFrameworksBuildPhase section */

/* Begin PBXGroup section */
		143059901B571242004C89DB /* Layer */ = {
			isa = PBXGroup;
			children = (
				1430597D1B571207004C89DB /* LayerClient.swift */,
				1430597B1B571207004C89DB /* ConversationListViewController.swift */,
				1430597C1B571207004C89DB /* ConversationViewController.swift */,
				1430597F1B571207004C89DB /* ParticipantTableViewController.swift */,
				143059801B571207004C89DB /* PFUser+ATLParticipant.swift */,
				143059821B571207004C89DB /* UserManager.swift */,
				143059831B571207004C89DB /* ViewController.swift */,
			);
			name = Layer;
			sourceTree = "<group>";
		};
		1487FD431B4F392C004E1874 = {
			isa = PBXGroup;
			children = (
				1418D01E1B580FDE00F2386C /* Default-568h@2x.png */,
				1487FD4E1B4F392C004E1874 /* Cell Tap */,
				1487FD641B4F392C004E1874 /* Cell TapTests */,
				1487FD4D1B4F392C004E1874 /* Products */,
				854100A246FAB61A29DDC8D7 /* Pods */,
				8ADD66A1E7B4C154191D14F3 /* Frameworks */,
			);
			sourceTree = "<group>";
		};
		1487FD4D1B4F392C004E1874 /* Products */ = {
			isa = PBXGroup;
			children = (
				1487FD4C1B4F392C004E1874 /* Cell Tap.app */,
				1487FD611B4F392C004E1874 /* Cell TapTests.xctest */,
			);
			name = Products;
			sourceTree = "<group>";
		};
		1487FD4E1B4F392C004E1874 /* Cell Tap */ = {
			isa = PBXGroup;
			children = (
				144DEE321B59A252007A5636 /* ParseLoginHelper.swift */,
				143059781B571207004C89DB /* addEventViewController.swift */,
				143059791B571207004C89DB /* AppDelegate.swift */,
				1430597A1B571207004C89DB /* BlogViewController.swift */,
				143059901B571242004C89DB /* Layer */,
				1430597E1B571207004C89DB /* MainViewController.swift */,
				143059811B571207004C89DB /* profileViewController.swift */,
				1487FD551B4F392C004E1874 /* Main.storyboard */,
				1487FD581B4F392C004E1874 /* Images.xcassets */,
				1487FD5A1B4F392C004E1874 /* LaunchScreen.xib */,
				1487FD4F1B4F392C004E1874 /* Supporting Files */,
				14A9BA8F1B570F65005CA84B /* Cell Tap-Bridging-Header.h */,
			);
			path = "Cell Tap";
			sourceTree = "<group>";
		};
		1487FD4F1B4F392C004E1874 /* Supporting Files */ = {
			isa = PBXGroup;
			children = (
				1487FD501B4F392C004E1874 /* Info.plist */,
			);
			name = "Supporting Files";
			sourceTree = "<group>";
		};
		1487FD641B4F392C004E1874 /* Cell TapTests */ = {
			isa = PBXGroup;
			children = (
				1487FD671B4F392C004E1874 /* Cell_TapTests.swift */,
				1487FD651B4F392C004E1874 /* Supporting Files */,
			);
			path = "Cell TapTests";
			sourceTree = "<group>";
		};
		1487FD651B4F392C004E1874 /* Supporting Files */ = {
			isa = PBXGroup;
			children = (
				1487FD661B4F392C004E1874 /* Info.plist */,
			);
			name = "Supporting Files";
			sourceTree = "<group>";
		};
		854100A246FAB61A29DDC8D7 /* Pods */ = {
			isa = PBXGroup;
			children = (
				6CCFFCAF58389C1C125E6FD1 /* Pods-Cell Tap.debug.xcconfig */,
				8D2E7E30A1313C6011D5D3CC /* Pods-Cell Tap.release.xcconfig */,
			);
			name = Pods;
			sourceTree = "<group>";
		};
		8ADD66A1E7B4C154191D14F3 /* Frameworks */ = {
			isa = PBXGroup;
			children = (
				90FC693D14F0AAB65629D396 /* libPods-Cell Tap.a */,
			);
			name = Frameworks;
			sourceTree = "<group>";
		};
/* End PBXGroup section */

/* Begin PBXNativeTarget section */
		1487FD4B1B4F392C004E1874 /* Cell Tap */ = {
			isa = PBXNativeTarget;
			buildConfigurationList = 1487FD6B1B4F392C004E1874 /* Build configuration list for PBXNativeTarget "Cell Tap" */;
			buildPhases = (
				99E216EBC61F0ED3E1E7CBAC /* Check Pods Manifest.lock */,
				1487FD481B4F392C004E1874 /* Sources */,
				1487FD491B4F392C004E1874 /* Frameworks */,
				1487FD4A1B4F392C004E1874 /* Resources */,
				2252C3DDCFC72C089FF34A6E /* Copy Pods Resources */,
			);
			buildRules = (
			);
			dependencies = (
			);
			name = "Cell Tap";
			productName = "Cell Tap";
			productReference = 1487FD4C1B4F392C004E1874 /* Cell Tap.app */;
			productType = "com.apple.product-type.application";
		};
		1487FD601B4F392C004E1874 /* Cell TapTests */ = {
			isa = PBXNativeTarget;
			buildConfigurationList = 1487FD6E1B4F392C004E1874 /* Build configuration list for PBXNativeTarget "Cell TapTests" */;
			buildPhases = (
				1487FD5D1B4F392C004E1874 /* Sources */,
				1487FD5E1B4F392C004E1874 /* Frameworks */,
				1487FD5F1B4F392C004E1874 /* Resources */,
			);
			buildRules = (
			);
			dependencies = (
				1487FD631B4F392C004E1874 /* PBXTargetDependency */,
			);
			name = "Cell TapTests";
			productName = "Cell TapTests";
			productReference = 1487FD611B4F392C004E1874 /* Cell TapTests.xctest */;
			productType = "com.apple.product-type.bundle.unit-test";
		};
/* End PBXNativeTarget section */

/* Begin PBXProject section */
		1487FD441B4F392C004E1874 /* Project object */ = {
			isa = PBXProject;
			attributes = {
				LastUpgradeCheck = 0640;
				ORGANIZATIONNAME = "Declan Sidoti";
				TargetAttributes = {
					1487FD4B1B4F392C004E1874 = {
						CreatedOnToolsVersion = 6.4;
					};
					1487FD601B4F392C004E1874 = {
						CreatedOnToolsVersion = 6.4;
						TestTargetID = 1487FD4B1B4F392C004E1874;
					};
				};
			};
			buildConfigurationList = 1487FD471B4F392C004E1874 /* Build configuration list for PBXProject "Cell Tap" */;
			compatibilityVersion = "Xcode 3.2";
			developmentRegion = English;
			hasScannedForEncodings = 0;
			knownRegions = (
				en,
				Base,
			);
			mainGroup = 1487FD431B4F392C004E1874;
			productRefGroup = 1487FD4D1B4F392C004E1874 /* Products */;
			projectDirPath = "";
			projectRoot = "";
			targets = (
				1487FD4B1B4F392C004E1874 /* Cell Tap */,
				1487FD601B4F392C004E1874 /* Cell TapTests */,
			);
		};
/* End PBXProject section */

/* Begin PBXResourcesBuildPhase section */
		1487FD4A1B4F392C004E1874 /* Resources */ = {
			isa = PBXResourcesBuildPhase;
			buildActionMask = 2147483647;
			files = (
				1487FD571B4F392C004E1874 /* Main.storyboard in Resources */,
				1418D01F1B580FDE00F2386C /* Default-568h@2x.png in Resources */,
				1487FD5C1B4F392C004E1874 /* LaunchScreen.xib in Resources */,
				1487FD591B4F392C004E1874 /* Images.xcassets in Resources */,
			);
			runOnlyForDeploymentPostprocessing = 0;
		};
		1487FD5F1B4F392C004E1874 /* Resources */ = {
			isa = PBXResourcesBuildPhase;
			buildActionMask = 2147483647;
			files = (
			);
			runOnlyForDeploymentPostprocessing = 0;
		};
/* End PBXResourcesBuildPhase section */

/* Begin PBXShellScriptBuildPhase section */
		2252C3DDCFC72C089FF34A6E /* Copy Pods Resources */ = {
			isa = PBXShellScriptBuildPhase;
			buildActionMask = 2147483647;
			files = (
			);
			inputPaths = (
			);
			name = "Copy Pods Resources";
			outputPaths = (
			);
			runOnlyForDeploymentPostprocessing = 0;
			shellPath = /bin/sh;
			shellScript = "\"${SRCROOT}/Pods/Target Support Files/Pods-Cell Tap/Pods-Cell Tap-resources.sh\"\n";
			showEnvVarsInLog = 0;
		};
		99E216EBC61F0ED3E1E7CBAC /* Check Pods Manifest.lock */ = {
			isa = PBXShellScriptBuildPhase;
			buildActionMask = 2147483647;
			files = (
			);
			inputPaths = (
			);
			name = "Check Pods Manifest.lock";
			outputPaths = (
			);
			runOnlyForDeploymentPostprocessing = 0;
			shellPath = /bin/sh;
			shellScript = "diff \"${PODS_ROOT}/../Podfile.lock\" \"${PODS_ROOT}/Manifest.lock\" > /dev/null\nif [[ $? != 0 ]] ; then\n    cat << EOM\nerror: The sandbox is not in sync with the Podfile.lock. Run 'pod install' or update your CocoaPods installation.\nEOM\n    exit 1\nfi\n";
			showEnvVarsInLog = 0;
		};
/* End PBXShellScriptBuildPhase section */

/* Begin PBXSourcesBuildPhase section */
		1487FD481B4F392C004E1874 /* Sources */ = {
			isa = PBXSourcesBuildPhase;
			buildActionMask = 2147483647;
			files = (
				1430598A1B571207004C89DB /* MainViewController.swift in Sources */,
				143059851B571207004C89DB /* AppDelegate.swift in Sources */,
				143059871B571207004C89DB /* ConversationListViewController.swift in Sources */,
				143059891B571207004C89DB /* LayerClient.swift in Sources */,
				143059881B571207004C89DB /* ConversationViewController.swift in Sources */,
				1430598B1B571207004C89DB /* ParticipantTableViewController.swift in Sources */,
				1430598F1B571207004C89DB /* ViewController.swift in Sources */,
				1430598C1B571207004C89DB /* PFUser+ATLParticipant.swift in Sources */,
				144DEE331B59A252007A5636 /* ParseLoginHelper.swift in Sources */,
				143059841B571207004C89DB /* addEventViewController.swift in Sources */,
				1430598D1B571207004C89DB /* profileViewController.swift in Sources */,
				1430598E1B571207004C89DB /* UserManager.swift in Sources */,
				143059861B571207004C89DB /* BlogViewController.swift in Sources */,
			);
			runOnlyForDeploymentPostprocessing = 0;
		};
		1487FD5D1B4F392C004E1874 /* Sources */ = {
			isa = PBXSourcesBuildPhase;
			buildActionMask = 2147483647;
			files = (
				1487FD681B4F392C004E1874 /* Cell_TapTests.swift in Sources */,
			);
			runOnlyForDeploymentPostprocessing = 0;
		};
/* End PBXSourcesBuildPhase section */

/* Begin PBXTargetDependency section */
		1487FD631B4F392C004E1874 /* PBXTargetDependency */ = {
			isa = PBXTargetDependency;
			target = 1487FD4B1B4F392C004E1874 /* Cell Tap */;
			targetProxy = 1487FD621B4F392C004E1874 /* PBXContainerItemProxy */;
		};
/* End PBXTargetDependency section */

/* Begin PBXVariantGroup section */
		1487FD551B4F392C004E1874 /* Main.storyboard */ = {
			isa = PBXVariantGroup;
			children = (
				1487FD561B4F392C004E1874 /* Base */,
			);
			name = Main.storyboard;
			sourceTree = "<group>";
		};
		1487FD5A1B4F392C004E1874 /* LaunchScreen.xib */ = {
			isa = PBXVariantGroup;
			children = (
				1487FD5B1B4F392C004E1874 /* Base */,
			);
			name = LaunchScreen.xib;
			sourceTree = "<group>";
		};
/* End PBXVariantGroup section */

/* Begin XCBuildConfiguration section */
		1487FD691B4F392C004E1874 /* Debug */ = {
			isa = XCBuildConfiguration;
			buildSettings = {
				ALWAYS_SEARCH_USER_PATHS = NO;
				CLANG_CXX_LANGUAGE_STANDARD = "gnu++0x";
				CLANG_CXX_LIBRARY = "libc++";
				CLANG_ENABLE_MODULES = YES;
				CLANG_ENABLE_OBJC_ARC = YES;
				CLANG_WARN_BOOL_CONVERSION = YES;
				CLANG_WARN_CONSTANT_CONVERSION = YES;
				CLANG_WARN_DIRECT_OBJC_ISA_USAGE = YES_ERROR;
				CLANG_WARN_EMPTY_BODY = YES;
				CLANG_WARN_ENUM_CONVERSION = YES;
				CLANG_WARN_INT_CONVERSION = YES;
				CLANG_WARN_OBJC_ROOT_CLASS = YES_ERROR;
				CLANG_WARN_UNREACHABLE_CODE = YES;
				CLANG_WARN__DUPLICATE_METHOD_MATCH = YES;
				"CODE_SIGN_IDENTITY[sdk=iphoneos*]" = "iPhone Developer";
				COPY_PHASE_STRIP = NO;
				DEBUG_INFORMATION_FORMAT = "dwarf-with-dsym";
				ENABLE_STRICT_OBJC_MSGSEND = YES;
				GCC_C_LANGUAGE_STANDARD = gnu99;
				GCC_DYNAMIC_NO_PIC = NO;
				GCC_NO_COMMON_BLOCKS = YES;
				GCC_OPTIMIZATION_LEVEL = 0;
				GCC_PREPROCESSOR_DEFINITIONS = (
					"DEBUG=1",
					"$(inherited)",
				);
				GCC_SYMBOLS_PRIVATE_EXTERN = NO;
				GCC_WARN_64_TO_32_BIT_CONVERSION = YES;
				GCC_WARN_ABOUT_RETURN_TYPE = YES_ERROR;
				GCC_WARN_UNDECLARED_SELECTOR = YES;
				GCC_WARN_UNINITIALIZED_AUTOS = YES_AGGRESSIVE;
				GCC_WARN_UNUSED_FUNCTION = YES;
				GCC_WARN_UNUSED_VARIABLE = YES;
				IPHONEOS_DEPLOYMENT_TARGET = 8.4;
				MTL_ENABLE_DEBUG_INFO = YES;
				ONLY_ACTIVE_ARCH = YES;
				SDKROOT = iphoneos;
				SWIFT_OPTIMIZATION_LEVEL = "-Onone";
			};
			name = Debug;
		};
		1487FD6A1B4F392C004E1874 /* Release */ = {
			isa = XCBuildConfiguration;
			buildSettings = {
				ALWAYS_SEARCH_USER_PATHS = NO;
				CLANG_CXX_LANGUAGE_STANDARD = "gnu++0x";
				CLANG_CXX_LIBRARY = "libc++";
				CLANG_ENABLE_MODULES = YES;
				CLANG_ENABLE_OBJC_ARC = YES;
				CLANG_WARN_BOOL_CONVERSION = YES;
				CLANG_WARN_CONSTANT_CONVERSION = YES;
				CLANG_WARN_DIRECT_OBJC_ISA_USAGE = YES_ERROR;
				CLANG_WARN_EMPTY_BODY = YES;
				CLANG_WARN_ENUM_CONVERSION = YES;
				CLANG_WARN_INT_CONVERSION = YES;
				CLANG_WARN_OBJC_ROOT_CLASS = YES_ERROR;
				CLANG_WARN_UNREACHABLE_CODE = YES;
				CLANG_WARN__DUPLICATE_METHOD_MATCH = YES;
				"CODE_SIGN_IDENTITY[sdk=iphoneos*]" = "iPhone Developer";
				COPY_PHASE_STRIP = NO;
				DEBUG_INFORMATION_FORMAT = "dwarf-with-dsym";
				ENABLE_NS_ASSERTIONS = NO;
				ENABLE_STRICT_OBJC_MSGSEND = YES;
				GCC_C_LANGUAGE_STANDARD = gnu99;
				GCC_NO_COMMON_BLOCKS = YES;
				GCC_WARN_64_TO_32_BIT_CONVERSION = YES;
				GCC_WARN_ABOUT_RETURN_TYPE = YES_ERROR;
				GCC_WARN_UNDECLARED_SELECTOR = YES;
				GCC_WARN_UNINITIALIZED_AUTOS = YES_AGGRESSIVE;
				GCC_WARN_UNUSED_FUNCTION = YES;
				GCC_WARN_UNUSED_VARIABLE = YES;
				IPHONEOS_DEPLOYMENT_TARGET = 8.4;
				MTL_ENABLE_DEBUG_INFO = NO;
				SDKROOT = iphoneos;
				VALIDATE_PRODUCT = YES;
			};
			name = Release;
		};
		1487FD6C1B4F392C004E1874 /* Debug */ = {
			isa = XCBuildConfiguration;
			baseConfigurationReference = 6CCFFCAF58389C1C125E6FD1 /* Pods-Cell Tap.debug.xcconfig */;
			buildSettings = {
				ASSETCATALOG_COMPILER_APPICON_NAME = AppIcon;
				CLANG_ENABLE_MODULES = YES;
				INFOPLIST_FILE = "Cell Tap/Info.plist";
				LD_RUNPATH_SEARCH_PATHS = "$(inherited) @executable_path/Frameworks";
				PRODUCT_NAME = "Cell Tap";
				SWIFT_OBJC_BRIDGING_HEADER = "Cell Tap/Cell Tap-Bridging-Header.h";
				SWIFT_OPTIMIZATION_LEVEL = "-Onone";
			};
			name = Debug;
		};
		1487FD6D1B4F392C004E1874 /* Release */ = {
			isa = XCBuildConfiguration;
			baseConfigurationReference = 8D2E7E30A1313C6011D5D3CC /* Pods-Cell Tap.release.xcconfig */;
			buildSettings = {
				ASSETCATALOG_COMPILER_APPICON_NAME = AppIcon;
				CLANG_ENABLE_MODULES = YES;
				INFOPLIST_FILE = "Cell Tap/Info.plist";
				LD_RUNPATH_SEARCH_PATHS = "$(inherited) @executable_path/Frameworks";
				PRODUCT_NAME = "Cell Tap";
				SWIFT_OBJC_BRIDGING_HEADER = "Cell Tap/Cell Tap-Bridging-Header.h";
			};
			name = Release;
		};
		1487FD6F1B4F392C004E1874 /* Debug */ = {
			isa = XCBuildConfiguration;
			buildSettings = {
				BUNDLE_LOADER = "$(TEST_HOST)";
				FRAMEWORK_SEARCH_PATHS = (
					"$(SDKROOT)/Developer/Library/Frameworks",
					"$(inherited)",
				);
				GCC_PREPROCESSOR_DEFINITIONS = (
					"DEBUG=1",
					"$(inherited)",
				);
				INFOPLIST_FILE = "Cell TapTests/Info.plist";
				LD_RUNPATH_SEARCH_PATHS = "$(inherited) @executable_path/Frameworks @loader_path/Frameworks";
				PRODUCT_NAME = "Cell TapTests";
				TEST_HOST = "$(BUILT_PRODUCTS_DIR)/Cell Tap.app/Cell Tap";
			};
			name = Debug;
		};
		1487FD701B4F392C004E1874 /* Release */ = {
			isa = XCBuildConfiguration;
			buildSettings = {
				BUNDLE_LOADER = "$(TEST_HOST)";
				FRAMEWORK_SEARCH_PATHS = (
					"$(SDKROOT)/Developer/Library/Frameworks",
					"$(inherited)",
				);
				INFOPLIST_FILE = "Cell TapTests/Info.plist";
				LD_RUNPATH_SEARCH_PATHS = "$(inherited) @executable_path/Frameworks @loader_path/Frameworks";
				PRODUCT_NAME = "Cell TapTests";
				TEST_HOST = "$(BUILT_PRODUCTS_DIR)/Cell Tap.app/Cell Tap";
			};
			name = Release;
		};
/* End XCBuildConfiguration section */

/* Begin XCConfigurationList section */
		1487FD471B4F392C004E1874 /* Build configuration list for PBXProject "Cell Tap" */ = {
			isa = XCConfigurationList;
			buildConfigurations = (
				1487FD691B4F392C004E1874 /* Debug */,
				1487FD6A1B4F392C004E1874 /* Release */,
			);
			defaultConfigurationIsVisible = 0;
			defaultConfigurationName = Release;
		};
		1487FD6B1B4F392C004E1874 /* Build configuration list for PBXNativeTarget "Cell Tap" */ = {
			isa = XCConfigurationList;
			buildConfigurations = (
				1487FD6C1B4F392C004E1874 /* Debug */,
				1487FD6D1B4F392C004E1874 /* Release */,
			);
			defaultConfigurationIsVisible = 0;
			defaultConfigurationName = Release;
		};
		1487FD6E1B4F392C004E1874 /* Build configuration list for PBXNativeTarget "Cell TapTests" */ = {
			isa = XCConfigurationList;
			buildConfigurations = (
				1487FD6F1B4F392C004E1874 /* Debug */,
				1487FD701B4F392C004E1874 /* Release */,
			);
			defaultConfigurationIsVisible = 0;
			defaultConfigurationName = Release;
		};
/* End XCConfigurationList section */
	};
	rootObject = 1487FD441B4F392C004E1874 /* Project object */;
}
